github.com/on-nix/theme v0.0.0-20211024005845-caf07e8c8700 h1:7GMwlCbnxo6g2cLX/Bq4JJVNNeyw/0UREjXZb7mPKEU=
github.com/on-nix/theme v0.0.0-20211024005845-caf07e8c8700/go.mod h1:AY7uBQ2mWxVv2lZXR7lszmKKZLGg9lvWaXaoEWxjBiM=
github.com/on-nix/theme v0.0.0-20211025034359-bb229949df4f h1:69c29wjS9q5Tov82Ov0YznIoj3PMSza9IjqUkokXXQ4=
github.com/on-nix/theme v0.0.0-20211025034359-bb229949df4f/go.mod h1:AY7uBQ2mWxVv2lZXR7lszmKKZLGg9lvWaXaoEWxjBiM=
