github.com/on-nix/theme v0.0.0-20211024005845-caf07e8c8700 h1:7GMwlCbnxo6g2cLX/Bq4JJVNNeyw/0UREjXZb7mPKEU=
github.com/on-nix/theme v0.0.0-20211024005845-caf07e8c8700/go.mod h1:AY7uBQ2mWxVv2lZXR7lszmKKZLGg9lvWaXaoEWxjBiM=
github.com/on-nix/theme v0.0.0-20211025034359-bb229949df4f h1:69c29wjS9q5Tov82Ov0YznIoj3PMSza9IjqUkokXXQ4=
github.com/on-nix/theme v0.0.0-20211025034359-bb229949df4f/go.mod h1:AY7uBQ2mWxVv2lZXR7lszmKKZLGg9lvWaXaoEWxjBiM=
github.com/on-nix/theme v0.0.0-20211028022649-a8e625272fc5 h1:tw5YE6K4XBJFNc5/y0ehlL4qWb1I7bI6b5dPpudFOTQ=
github.com/on-nix/theme v0.0.0-20211028022649-a8e625272fc5/go.mod h1:AY7uBQ2mWxVv2lZXR7lszmKKZLGg9lvWaXaoEWxjBiM=
github.com/on-nix/theme v0.0.0-20211028030227-8143639d6b27 h1:+W0x4I2q59UGgH0Tn5oWGhxDBGNbyCj1iqrq6rIsIiA=
github.com/on-nix/theme v0.0.0-20211028030227-8143639d6b27/go.mod h1:AY7uBQ2mWxVv2lZXR7lszmKKZLGg9lvWaXaoEWxjBiM=
github.com/on-nix/theme v0.0.0-20211028030648-aae51c79fefb h1:5siQspzeoR8sNMqrGL/VHAc9jjPAPnEL8Djwah/j384=
github.com/on-nix/theme v0.0.0-20211028030648-aae51c79fefb/go.mod h1:AY7uBQ2mWxVv2lZXR7lszmKKZLGg9lvWaXaoEWxjBiM=
github.com/on-nix/theme v0.0.0-20211028032736-3cdfe1c501d2 h1:UKp0kkEmHoYlfsy0gMdBdc65qdLq0hhrjpHyMDwgn/Y=
github.com/on-nix/theme v0.0.0-20211028032736-3cdfe1c501d2/go.mod h1:AY7uBQ2mWxVv2lZXR7lszmKKZLGg9lvWaXaoEWxjBiM=
github.com/on-nix/theme v0.0.0-20211031075925-dbc9e910c16b h1:tRtqOfOSnvd0Bui19MJg/p5hSMLKSF16/QbpubKRm34=
github.com/on-nix/theme v0.0.0-20211031075925-dbc9e910c16b/go.mod h1:AY7uBQ2mWxVv2lZXR7lszmKKZLGg9lvWaXaoEWxjBiM=
